
Microsoft Visual Studio Solution File, Format Version 12.00
# Visual Studio Version 17
VisualStudioVersion = 17.5.002.0
MinimumVisualStudioVersion = 10.0.40219.1
Project("{9A19103F-16F7-4668-BE54-9A1E7A4F7556}") = "Lab09_Ex01", "Lab09_Ex01\Lab09_Ex01.csproj", "{486DC8CB-0505-462E-B9DD-C0C0A3847769}"
EndProject
Global
	GlobalSection(SolutionConfigurationPlatforms) = preSolution
		Debug|Any CPU = Debug|Any CPU
		Release|Any CPU = Release|Any CPU
	EndGlobalSection
	GlobalSection(ProjectConfigurationPlatforms) = postSolution
		{486DC8CB-0505-462E-B9DD-C0C0A3847769}.Debug|Any CPU.ActiveCfg = Debug|Any CPU
		{486DC8CB-0505-462E-B9DD-C0C0A3847769}.Debug|Any CPU.Build.0 = Debug|Any CPU
		{486DC8CB-0505-462E-B9DD-C0C0A3847769}.Release|Any CPU.ActiveCfg = Release|Any CPU
		{486DC8CB-0505-462E-B9DD-C0C0A3847769}.Release|Any CPU.Build.0 = Release|Any CPU
	EndGlobalSection
	GlobalSection(SolutionProperties) = preSolution
		HideSolutionNode = FALSE
	EndGlobalSection
	GlobalSection(ExtensibilityGlobals) = postSolution
		SolutionGuid = {82C15FF4-E9DA-47A1-BE77-7690A0579384}
	EndGlobalSection
EndGlobal
